// !$*UTF8*$!
{
	archiveVersion = 1;
	classes = {
	};
	objectVersion = 46;
	objects = {

/* Begin PBXBuildFile section */
		06923B1D1DC8F7B00001C62A /* DalVC.swift in Sources */ = {isa = PBXBuildFile; fileRef = 06923B1C1DC8F7B00001C62A /* DalVC.swift */; };
		06E280911DC8866400749847 /* AppDelegate.swift in Sources */ = {isa = PBXBuildFile; fileRef = 06E280901DC8866400749847 /* AppDelegate.swift */; };
		06E280931DC8866400749847 /* MainVC.swift in Sources */ = {isa = PBXBuildFile; fileRef = 06E280921DC8866400749847 /* MainVC.swift */; };
		06E280961DC8866400749847 /* Main.storyboard in Resources */ = {isa = PBXBuildFile; fileRef = 06E280941DC8866400749847 /* Main.storyboard */; };
		06E280981DC8866400749847 /* Assets.xcassets in Resources */ = {isa = PBXBuildFile; fileRef = 06E280971DC8866400749847 /* Assets.xcassets */; };
		06E2809B1DC8866400749847 /* LaunchScreen.storyboard in Resources */ = {isa = PBXBuildFile; fileRef = 06E280991DC8866400749847 /* LaunchScreen.storyboard */; };
/* End PBXBuildFile section */

/* Begin PBXFileReference section */
		06923B1C1DC8F7B00001C62A /* DalVC.swift */ = {isa = PBXFileReference; fileEncoding = 4; lastKnownFileType = sourcecode.swift; path = DalVC.swift; sourceTree = "<group>"; };
		06E2808D1DC8866400749847 /* enekes.app */ = {isa = PBXFileReference; explicitFileType = wrapper.application; includeInIndex = 0; path = enekes.app; sourceTree = BUILT_PRODUCTS_DIR; };
		06E280901DC8866400749847 /* AppDelegate.swift */ = {isa = PBXFileReference; lastKnownFileType = sourcecode.swift; path = AppDelegate.swift; sourceTree = "<group>"; };
		06E280921DC8866400749847 /* MainVC.swift */ = {isa = PBXFileReference; lastKnownFileType = sourcecode.swift; path = MainVC.swift; sourceTree = "<group>"; };
		06E280951DC8866400749847 /* Base */ = {isa = PBXFileReference; lastKnownFileType = file.storyboard; name = Base; path = Base.lproj/Main.storyboard; sourceTree = "<group>"; };
		06E280971DC8866400749847 /* Assets.xcassets */ = {isa = PBXFileReference; lastKnownFileType = folder.assetcatalog; path = Assets.xcassets; sourceTree = "<group>"; };
		06E2809A1DC8866400749847 /* Base */ = {isa = PBXFileReference; lastKnownFileType = file.storyboard; name = Base; path = Base.lproj/LaunchScreen.storyboard; sourceTree = "<group>"; };
		06E2809C1DC8866400749847 /* Info.plist */ = {isa = PBXFileReference; lastKnownFileType = text.plist.xml; path = Info.plist; sourceTree = "<group>"; };
/* End PBXFileReference section */

/* Begin PBXFrameworksBuildPhase section */
		06E2808A1DC8866400749847 /* Frameworks */ = {
			isa = PBXFrameworksBuildPhase;
			buildActionMask = 2147483647;
			files = (
			);
			runOnlyForDeploymentPostprocessing = 0;
		};
/* End PBXFrameworksBuildPhase section */

/* Begin PBXGroup section */
		06E280841DC8866400749847 = {
			isa = PBXGroup;
			children = (
				06E2808F1DC8866400749847 /* enekes */,
				06E2808E1DC8866400749847 /* Products */,
			);
			sourceTree = "<group>";
		};
		06E2808E1DC8866400749847 /* Products */ = {
			isa = PBXGroup;
			children = (
				06E2808D1DC8866400749847 /* enekes.app */,
			);
			name = Products;
			sourceTree = "<group>";
		};
		06E2808F1DC8866400749847 /* enekes */ = {
			isa = PBXGroup;
			children = (
				06E280901DC8866400749847 /* AppDelegate.swift */,
				06E280921DC8866400749847 /* MainVC.swift */,
				06923B1C1DC8F7B00001C62A /* DalVC.swift */,
				06E280941DC8866400749847 /* Main.storyboard */,
				06E280971DC8866400749847 /* Assets.xcassets */,
				06E280991DC8866400749847 /* LaunchScreen.storyboard */,
				06E2809C1DC8866400749847 /* Info.plist */,
			);
			path = enekes;
			sourceTree = "<group>";
		};
/* End PBXGroup section */

/* Begin PBXNativeTarget section */
		06E2808C1DC8866400749847 /* enekes */ = {
			isa = PBXNativeTarget;
			buildConfigurationList = 06E2809F1DC8866400749847 /* Build configuration list for PBXNativeTarget "enekes" */;
			buildPhases = (
				06E280891DC8866400749847 /* Sources */,
				06E2808A1DC8866400749847 /* Frameworks */,
				06E2808B1DC8866400749847 /* Resources */,
			);
			buildRules = (
			);
			dependencies = (
			);
			name = enekes;
			productName = enekes;
			productReference = 06E2808D1DC8866400749847 /* enekes.app */;
			productType = "com.apple.product-type.application";
		};
/* End PBXNativeTarget section */

/* Begin PBXProject section */
		06E280851DC8866400749847 /* Project object */ = {
			isa = PBXProject;
			attributes = {
				LastSwiftUpdateCheck = 0810;
				LastUpgradeCheck = 0810;
				ORGANIZATIONNAME = erdgabios;
				TargetAttributes = {
					06E2808C1DC8866400749847 = {
						CreatedOnToolsVersion = 8.1;
						DevelopmentTeam = B9F42LDLFJ;
						ProvisioningStyle = Automatic;
					};
				};
			};
			buildConfigurationList = 06E280881DC8866400749847 /* Build configuration list for PBXProject "enekes" */;
			compatibilityVersion = "Xcode 3.2";
			developmentRegion = English;
			hasScannedForEncodings = 0;
			knownRegions = (
				en,
				Base,
			);
			mainGroup = 06E280841DC8866400749847;
			productRefGroup = 06E2808E1DC8866400749847 /* Products */;
			projectDirPath = "";
			projectRoot = "";
			targets = (
				06E2808C1DC8866400749847 /* enekes */,
			);
		};
/* End PBXProject section */

/* Begin PBXResourcesBuildPhase section */
		06E2808B1DC8866400749847 /* Resources */ = {
			isa = PBXResourcesBuildPhase;
			buildActionMask = 2147483647;
			files = (
				06E2809B1DC8866400749847 /* LaunchScreen.storyboard in Resources */,
				06E280981DC8866400749847 /* Assets.xcassets in Resources */,
				06E280961DC8866400749847 /* Main.storyboard in Resources */,
			);
			runOnlyForDeploymentPostprocessing = 0;
		};
/* End PBXResourcesBuildPhase section */

/* Begin PBXSourcesBuildPhase section */
		06E280891DC8866400749847 /* Sources */ = {
			isa = PBXSourcesBuildPhase;
			buildActionMask = 2147483647;
			files = (
				06E280931DC8866400749847 /* MainVC.swift in Sources */,
				06E280911DC8866400749847 /* AppDelegate.swift in Sources */,
				06923B1D1DC8F7B00001C62A /* DalVC.swift in Sources */,
			);
			runOnlyForDeploymentPostprocessing = 0;
		};
/* End PBXSourcesBuildPhase section */

/* Begin PBXVariantGroup section */
		06E280941DC8866400749847 /* Main.storyboard */ = {
			isa = PBXVariantGroup;
			children = (
				06E280951DC8866400749847 /* Base */,
			);
			name = Main.storyboard;
			sourceTree = "<group>";
		};
		06E280991DC8866400749847 /* LaunchScreen.storyboard */ = {
			isa = PBXVariantGroup;
			children = (
				06E2809A1DC8866400749847 /* Base */,
			);
			name = LaunchScreen.storyboard;
			sourceTree = "<group>";
		};
/* End PBXVariantGroup section */

/* Begin XCBuildConfiguration section */
		06E2809D1DC8866400749847 /* Debug */ = {
			isa = XCBuildConfiguration;
			buildSettings = {
				ALWAYS_SEARCH_USER_PATHS = NO;
				CLANG_ANALYZER_NONNULL = YES;
				CLANG_CXX_LANGUAGE_STANDARD = "gnu++0x";
				CLANG_CXX_LIBRARY = "libc++";
				CLANG_ENABLE_MODULES = YES;
				CLANG_ENABLE_OBJC_ARC = YES;
				CLANG_WARN_BOOL_CONVERSION = YES;
				CLANG_WARN_CONSTANT_CONVERSION = YES;
				CLANG_WARN_DIRECT_OBJC_ISA_USAGE = YES_ERROR;
				CLANG_WARN_DOCUMENTATION_COMMENTS = YES;
				CLANG_WARN_EMPTY_BODY = YES;
				CLANG_WARN_ENUM_CONVERSION = YES;
				CLANG_WARN_INFINITE_RECURSION = YES;
				CLANG_WARN_INT_CONVERSION = YES;
				CLANG_WARN_OBJC_ROOT_CLASS = YES_ERROR;
				CLANG_WARN_SUSPICIOUS_MOVES = YES;
				CLANG_WARN_UNREACHABLE_CODE = YES;
				CLANG_WARN__DUPLICATE_METHOD_MATCH = YES;
				"CODE_SIGN_IDENTITY[sdk=iphoneos*]" = "iPhone Developer";
				COPY_PHASE_STRIP = NO;
				DEBUG_INFORMATION_FORMAT = dwarf;
				ENABLE_STRICT_OBJC_MSGSEND = YES;
				ENABLE_TESTABILITY = YES;
				GCC_C_LANGUAGE_STANDARD = gnu99;
				GCC_DYNAMIC_NO_PIC = NO;
				GCC_NO_COMMON_BLOCKS = YES;
				GCC_OPTIMIZATION_LEVEL = 0;
				GCC_PREPROCESSOR_DEFINITIONS = (
					"DEBUG=1",
					"$(inherited)",
				);
				GCC_WARN_64_TO_32_BIT_CONVERSION = YES;
				GCC_WARN_ABOUT_RETURN_TYPE = YES_ERROR;
				GCC_WARN_UNDECLARED_SELECTOR = YES;
				GCC_WARN_UNINITIALIZED_AUTOS = YES_AGGRESSIVE;
				GCC_WARN_UNUSED_FUNCTION = YES;
				GCC_WARN_UNUSED_VARIABLE = YES;
				IPHONEOS_DEPLOYMENT_TARGET = 10.1;
				MTL_ENABLE_DEBUG_INFO = YES;
				ONLY_ACTIVE_ARCH = YES;
				SDKROOT = iphoneos;
				SWIFT_ACTIVE_COMPILATION_CONDITIONS = DEBUG;
				SWIFT_OPTIMIZATION_LEVEL = "-Onone";
				TARGETED_DEVICE_FAMILY = "1,2";
			};
			name = Debug;
		};
		06E2809E1DC8866400749847 /* Release */ = {
			isa = XCBuildConfiguration;
			buildSettings = {
				ALWAYS_SEARCH_USER_PATHS = NO;
				CLANG_ANALYZER_NONNULL = YES;
				CLANG_CXX_LANGUAGE_STANDARD = "gnu++0x";
				CLANG_CXX_LIBRARY = "libc++";
				CLANG_ENABLE_MODULES = YES;
				CLANG_ENABLE_OBJC_ARC = YES;
				CLANG_WARN_BOOL_CONVERSION = YES;
				CLANG_WARN_CONSTANT_CONVERSION = YES;
				CLANG_WARN_DIRECT_OBJC_ISA_USAGE = YES_ERROR;
				CLANG_WARN_DOCUMENTATION_COMMENTS = YES;
				CLANG_WARN_EMPTY_BODY = YES;
				CLANG_WARN_ENUM_CONVERSION = YES;
				CLANG_WARN_INFINITE_RECURSION = YES;
				CLANG_WARN_INT_CONVERSION = YES;
				CLANG_WARN_OBJC_ROOT_CLASS = YES_ERROR;
				CLANG_WARN_SUSPICIOUS_MOVES = YES;
				CLANG_WARN_UNREACHABLE_CODE = YES;
				CLANG_WARN__DUPLICATE_METHOD_MATCH = YES;
				"CODE_SIGN_IDENTITY[sdk=iphoneos*]" = "iPhone Developer";
				COPY_PHASE_STRIP = NO;
				DEBUG_INFORMATION_FORMAT = "dwarf-with-dsym";
				ENABLE_NS_ASSERTIONS = NO;
				ENABLE_STRICT_OBJC_MSGSEND = YES;
				GCC_C_LANGUAGE_STANDARD = gnu99;
				GCC_NO_COMMON_BLOCKS = YES;
				GCC_WARN_64_TO_32_BIT_CONVERSION = YES;
				GCC_WARN_ABOUT_RETURN_TYPE = YES_ERROR;
				GCC_WARN_UNDECLARED_SELECTOR = YES;
				GCC_WARN_UNINITIALIZED_AUTOS = YES_AGGRESSIVE;
				GCC_WARN_UNUSED_FUNCTION = YES;
				GCC_WARN_UNUSED_VARIABLE = YES;
				IPHONEOS_DEPLOYMENT_TARGET = 10.1;
				MTL_ENABLE_DEBUG_INFO = NO;
				SDKROOT = iphoneos;
				SWIFT_OPTIMIZATION_LEVEL = "-Owholemodule";
				TARGETED_DEVICE_FAMILY = "1,2";
				VALIDATE_PRODUCT = YES;
			};
			name = Release;
		};
		06E280A01DC8866400749847 /* Debug */ = {
			isa = XCBuildConfiguration;
			buildSettings = {
				ASSETCATALOG_COMPILER_APPICON_NAME = AppIcon;
				DEVELOPMENT_TEAM = B9F42LDLFJ;
				INFOPLIST_FILE = enekes/Info.plist;
				LD_RUNPATH_SEARCH_PATHS = "$(inherited) @executable_path/Frameworks";
				PRODUCT_BUNDLE_IDENTIFIER = com.erdgabios.enekes;
				PRODUCT_NAME = "$(TARGET_NAME)";
				SWIFT_VERSION = 3.0;
			};
			name = Debug;
		};
		06E280A11DC8866400749847 /* Release */ = {
			isa = XCBuildConfiguration;
			buildSettings = {
				ASSETCATALOG_COMPILER_APPICON_NAME = AppIcon;
				DEVELOPMENT_TEAM = B9F42LDLFJ;
				INFOPLIST_FILE = enekes/Info.plist;
				LD_RUNPATH_SEARCH_PATHS = "$(inherited) @executable_path/Frameworks";
				PRODUCT_BUNDLE_IDENTIFIER = com.erdgabios.enekes;
				PRODUCT_NAME = "$(TARGET_NAME)";
				SWIFT_VERSION = 3.0;
			};
			name = Release;
		};
/* End XCBuildConfiguration section */

/* Begin XCConfigurationList section */
		06E280881DC8866400749847 /* Build configuration list for PBXProject "enekes" */ = {
			isa = XCConfigurationList;
			buildConfigurations = (
				06E2809D1DC8866400749847 /* Debug */,
				06E2809E1DC8866400749847 /* Release */,
			);
			defaultConfigurationIsVisible = 0;
			defaultConfigurationName = Release;
		};
		06E2809F1DC8866400749847 /* Build configuration list for PBXNativeTarget "enekes" */ = {
			isa = XCConfigurationList;
			buildConfigurations = (
				06E280A01DC8866400749847 /* Debug */,
				06E280A11DC8866400749847 /* Release */,
			);
			defaultConfigurationIsVisible = 0;
			defaultConfigurationName = Release;
		};
/* End XCConfigurationList section */
	};
	rootObject = 06E280851DC8866400749847 /* Project object */;
}
